// !$*UTF8*$!
{
	archiveVersion = 1;
	classes = {
	};
	objectVersion = 46;
	objects = {

/* Begin PBXBuildFile section */
		DD19F97C1CAF4DB40028C257 /* Assets.xcassets in Resources */ = {isa = PBXBuildFile; fileRef = DD19F97B1CAF4DB40028C257 /* Assets.xcassets */; };
		DD19F9821CAF66640028C257 /* HomeTopUIView.m in Sources */ = {isa = PBXBuildFile; fileRef = DD19F9811CAF66640028C257 /* HomeTopUIView.m */; };
		DD19F9F71CAFFA440028C257 /* TLNavLeftView.m in Sources */ = {isa = PBXBuildFile; fileRef = DD19F9F61CAFFA440028C257 /* TLNavLeftView.m */; };
		DD19F9F91CAFFA920028C257 /* TLNavLeftView.xib in Resources */ = {isa = PBXBuildFile; fileRef = DD19F9F81CAFFA920028C257 /* TLNavLeftView.xib */; };
		DD4188041CAA96F600348EAA /* main.m in Sources */ = {isa = PBXBuildFile; fileRef = DD4188031CAA96F600348EAA /* main.m */; };
		DD4188071CAA96F600348EAA /* AppDelegate.m in Sources */ = {isa = PBXBuildFile; fileRef = DD4188061CAA96F600348EAA /* AppDelegate.m */; };
		DD4188121CAA96F600348EAA /* LaunchScreen.storyboard in Resources */ = {isa = PBXBuildFile; fileRef = DD4188101CAA96F600348EAA /* LaunchScreen.storyboard */; };
		DD41881D1CAA96F600348EAA /* MusicHouseTests.m in Sources */ = {isa = PBXBuildFile; fileRef = DD41881C1CAA96F600348EAA /* MusicHouseTests.m */; };
		DD4188281CAA96F600348EAA /* MusicHouseUITests.m in Sources */ = {isa = PBXBuildFile; fileRef = DD4188271CAA96F600348EAA /* MusicHouseUITests.m */; };
		DD50B42C1CAEB45E00A469B4 /* MyViewController.m in Sources */ = {isa = PBXBuildFile; fileRef = DD50B42A1CAEB45E00A469B4 /* MyViewController.m */; };
		DD50B42D1CAEB45E00A469B4 /* MyViewController.xib in Resources */ = {isa = PBXBuildFile; fileRef = DD50B42B1CAEB45E00A469B4 /* MyViewController.xib */; };
		DD50B4311CAEB47B00A469B4 /* DiscoverViewController.m in Sources */ = {isa = PBXBuildFile; fileRef = DD50B42F1CAEB47B00A469B4 /* DiscoverViewController.m */; };
		DD50B4321CAEB47B00A469B4 /* DiscoverViewController.xib in Resources */ = {isa = PBXBuildFile; fileRef = DD50B4301CAEB47B00A469B4 /* DiscoverViewController.xib */; };
		DD50B4361CAEB7AE00A469B4 /* MusicLibraryViewController.m in Sources */ = {isa = PBXBuildFile; fileRef = DD50B4341CAEB7AE00A469B4 /* MusicLibraryViewController.m */; };
		DD50B4371CAEB7AE00A469B4 /* MusicLibraryViewController.xib in Resources */ = {isa = PBXBuildFile; fileRef = DD50B4351CAEB7AE00A469B4 /* MusicLibraryViewController.xib */; };
		DDC9590F1CAE53F800A0B82D /* WelcomeViewController.m in Sources */ = {isa = PBXBuildFile; fileRef = DDC9590E1CAE53F800A0B82D /* WelcomeViewController.m */; };
		DDC959131CAE551C00A0B82D /* MainViewController.m in Sources */ = {isa = PBXBuildFile; fileRef = DDC959111CAE551C00A0B82D /* MainViewController.m */; };
		DDC959141CAE551C00A0B82D /* MainViewController.xib in Resources */ = {isa = PBXBuildFile; fileRef = DDC959121CAE551C00A0B82D /* MainViewController.xib */; };
		DDC959331CAE73C000A0B82D /* MusicPlayerTableViewCell.m in Sources */ = {isa = PBXBuildFile; fileRef = DDC959321CAE73C000A0B82D /* MusicPlayerTableViewCell.m */; };
		DDC959351CAE73F200A0B82D /* MusicPlayerTableViewCell.xib in Resources */ = {isa = PBXBuildFile; fileRef = DDC959341CAE73F200A0B82D /* MusicPlayerTableViewCell.xib */; };
/* End PBXBuildFile section */

/* Begin PBXContainerItemProxy section */
		DD4188191CAA96F600348EAA /* PBXContainerItemProxy */ = {
			isa = PBXContainerItemProxy;
			containerPortal = DD4187F71CAA96F600348EAA /* Project object */;
			proxyType = 1;
			remoteGlobalIDString = DD4187FE1CAA96F600348EAA;
			remoteInfo = MusicHouse;
		};
		DD4188241CAA96F600348EAA /* PBXContainerItemProxy */ = {
			isa = PBXContainerItemProxy;
			containerPortal = DD4187F71CAA96F600348EAA /* Project object */;
			proxyType = 1;
			remoteGlobalIDString = DD4187FE1CAA96F600348EAA;
			remoteInfo = MusicHouse;
		};
/* End PBXContainerItemProxy section */

/* Begin PBXFileReference section */
		DD19F97B1CAF4DB40028C257 /* Assets.xcassets */ = {isa = PBXFileReference; lastKnownFileType = folder.assetcatalog; path = Assets.xcassets; sourceTree = "<group>"; };
		DD19F9801CAF66640028C257 /* HomeTopUIView.h */ = {isa = PBXFileReference; fileEncoding = 4; lastKnownFileType = sourcecode.c.h; path = HomeTopUIView.h; sourceTree = "<group>"; };
		DD19F9811CAF66640028C257 /* HomeTopUIView.m */ = {isa = PBXFileReference; fileEncoding = 4; lastKnownFileType = sourcecode.c.objc; path = HomeTopUIView.m; sourceTree = "<group>"; };
		DD19F9F51CAFFA440028C257 /* TLNavLeftView.h */ = {isa = PBXFileReference; fileEncoding = 4; lastKnownFileType = sourcecode.c.h; path = TLNavLeftView.h; sourceTree = "<group>"; };
		DD19F9F61CAFFA440028C257 /* TLNavLeftView.m */ = {isa = PBXFileReference; fileEncoding = 4; lastKnownFileType = sourcecode.c.objc; path = TLNavLeftView.m; sourceTree = "<group>"; };
		DD19F9F81CAFFA920028C257 /* TLNavLeftView.xib */ = {isa = PBXFileReference; fileEncoding = 4; lastKnownFileType = file.xib; path = TLNavLeftView.xib; sourceTree = "<group>"; };
		DD4187FF1CAA96F600348EAA /* MusicHouse.app */ = {isa = PBXFileReference; explicitFileType = wrapper.application; includeInIndex = 0; path = MusicHouse.app; sourceTree = BUILT_PRODUCTS_DIR; };
		DD4188031CAA96F600348EAA /* main.m */ = {isa = PBXFileReference; lastKnownFileType = sourcecode.c.objc; path = main.m; sourceTree = "<group>"; };
		DD4188051CAA96F600348EAA /* AppDelegate.h */ = {isa = PBXFileReference; lastKnownFileType = sourcecode.c.h; path = AppDelegate.h; sourceTree = "<group>"; };
		DD4188061CAA96F600348EAA /* AppDelegate.m */ = {isa = PBXFileReference; lastKnownFileType = sourcecode.c.objc; path = AppDelegate.m; sourceTree = "<group>"; };
		DD4188111CAA96F600348EAA /* Base */ = {isa = PBXFileReference; lastKnownFileType = file.storyboard; name = Base; path = Base.lproj/LaunchScreen.storyboard; sourceTree = "<group>"; };
		DD4188131CAA96F600348EAA /* Info.plist */ = {isa = PBXFileReference; lastKnownFileType = text.plist.xml; path = Info.plist; sourceTree = "<group>"; };
		DD4188181CAA96F600348EAA /* MusicHouseTests.xctest */ = {isa = PBXFileReference; explicitFileType = wrapper.cfbundle; includeInIndex = 0; path = MusicHouseTests.xctest; sourceTree = BUILT_PRODUCTS_DIR; };
		DD41881C1CAA96F600348EAA /* MusicHouseTests.m */ = {isa = PBXFileReference; lastKnownFileType = sourcecode.c.objc; path = MusicHouseTests.m; sourceTree = "<group>"; };
		DD41881E1CAA96F600348EAA /* Info.plist */ = {isa = PBXFileReference; lastKnownFileType = text.plist.xml; path = Info.plist; sourceTree = "<group>"; };
		DD4188231CAA96F600348EAA /* MusicHouseUITests.xctest */ = {isa = PBXFileReference; explicitFileType = wrapper.cfbundle; includeInIndex = 0; path = MusicHouseUITests.xctest; sourceTree = BUILT_PRODUCTS_DIR; };
		DD4188271CAA96F600348EAA /* MusicHouseUITests.m */ = {isa = PBXFileReference; lastKnownFileType = sourcecode.c.objc; path = MusicHouseUITests.m; sourceTree = "<group>"; };
		DD4188291CAA96F600348EAA /* Info.plist */ = {isa = PBXFileReference; lastKnownFileType = text.plist.xml; path = Info.plist; sourceTree = "<group>"; };
		DD50B4291CAEB45E00A469B4 /* MyViewController.h */ = {isa = PBXFileReference; fileEncoding = 4; lastKnownFileType = sourcecode.c.h; path = MyViewController.h; sourceTree = "<group>"; };
		DD50B42A1CAEB45E00A469B4 /* MyViewController.m */ = {isa = PBXFileReference; fileEncoding = 4; lastKnownFileType = sourcecode.c.objc; path = MyViewController.m; sourceTree = "<group>"; };
		DD50B42B1CAEB45E00A469B4 /* MyViewController.xib */ = {isa = PBXFileReference; fileEncoding = 4; lastKnownFileType = file.xib; path = MyViewController.xib; sourceTree = "<group>"; };
		DD50B42E1CAEB47B00A469B4 /* DiscoverViewController.h */ = {isa = PBXFileReference; fileEncoding = 4; lastKnownFileType = sourcecode.c.h; path = DiscoverViewController.h; sourceTree = "<group>"; };
		DD50B42F1CAEB47B00A469B4 /* DiscoverViewController.m */ = {isa = PBXFileReference; fileEncoding = 4; lastKnownFileType = sourcecode.c.objc; path = DiscoverViewController.m; sourceTree = "<group>"; };
		DD50B4301CAEB47B00A469B4 /* DiscoverViewController.xib */ = {isa = PBXFileReference; fileEncoding = 4; lastKnownFileType = file.xib; path = DiscoverViewController.xib; sourceTree = "<group>"; };
		DD50B4331CAEB7AE00A469B4 /* MusicLibraryViewController.h */ = {isa = PBXFileReference; fileEncoding = 4; lastKnownFileType = sourcecode.c.h; path = MusicLibraryViewController.h; sourceTree = "<group>"; };
		DD50B4341CAEB7AE00A469B4 /* MusicLibraryViewController.m */ = {isa = PBXFileReference; fileEncoding = 4; lastKnownFileType = sourcecode.c.objc; path = MusicLibraryViewController.m; sourceTree = "<group>"; };
		DD50B4351CAEB7AE00A469B4 /* MusicLibraryViewController.xib */ = {isa = PBXFileReference; fileEncoding = 4; lastKnownFileType = file.xib; path = MusicLibraryViewController.xib; sourceTree = "<group>"; };
		DDC9590D1CAE53F800A0B82D /* WelcomeViewController.h */ = {isa = PBXFileReference; fileEncoding = 4; lastKnownFileType = sourcecode.c.h; path = WelcomeViewController.h; sourceTree = "<group>"; };
		DDC9590E1CAE53F800A0B82D /* WelcomeViewController.m */ = {isa = PBXFileReference; fileEncoding = 4; lastKnownFileType = sourcecode.c.objc; path = WelcomeViewController.m; sourceTree = "<group>"; };
		DDC959101CAE551C00A0B82D /* MainViewController.h */ = {isa = PBXFileReference; fileEncoding = 4; lastKnownFileType = sourcecode.c.h; path = MainViewController.h; sourceTree = "<group>"; };
		DDC959111CAE551C00A0B82D /* MainViewController.m */ = {isa = PBXFileReference; fileEncoding = 4; lastKnownFileType = sourcecode.c.objc; path = MainViewController.m; sourceTree = "<group>"; };
		DDC959121CAE551C00A0B82D /* MainViewController.xib */ = {isa = PBXFileReference; fileEncoding = 4; lastKnownFileType = file.xib; path = MainViewController.xib; sourceTree = "<group>"; };
		DDC959311CAE73C000A0B82D /* MusicPlayerTableViewCell.h */ = {isa = PBXFileReference; fileEncoding = 4; lastKnownFileType = sourcecode.c.h; path = MusicPlayerTableViewCell.h; sourceTree = "<group>"; };
		DDC959321CAE73C000A0B82D /* MusicPlayerTableViewCell.m */ = {isa = PBXFileReference; fileEncoding = 4; lastKnownFileType = sourcecode.c.objc; path = MusicPlayerTableViewCell.m; sourceTree = "<group>"; };
		DDC959341CAE73F200A0B82D /* MusicPlayerTableViewCell.xib */ = {isa = PBXFileReference; fileEncoding = 4; lastKnownFileType = file.xib; path = MusicPlayerTableViewCell.xib; sourceTree = "<group>"; };
/* End PBXFileReference section */

/* Begin PBXFrameworksBuildPhase section */
		DD4187FC1CAA96F600348EAA /* Frameworks */ = {
			isa = PBXFrameworksBuildPhase;
			buildActionMask = 2147483647;
			files = (
			);
			runOnlyForDeploymentPostprocessing = 0;
		};
		DD4188151CAA96F600348EAA /* Frameworks */ = {
			isa = PBXFrameworksBuildPhase;
			buildActionMask = 2147483647;
			files = (
			);
			runOnlyForDeploymentPostprocessing = 0;
		};
		DD4188201CAA96F600348EAA /* Frameworks */ = {
			isa = PBXFrameworksBuildPhase;
			buildActionMask = 2147483647;
			files = (
			);
			runOnlyForDeploymentPostprocessing = 0;
		};
/* End PBXFrameworksBuildPhase section */

/* Begin PBXGroup section */
		DD4187F61CAA96F600348EAA = {
			isa = PBXGroup;
			children = (
				DD19F97B1CAF4DB40028C257 /* Assets.xcassets */,
				DD4188011CAA96F600348EAA /* MusicHouse */,
				DD41881B1CAA96F600348EAA /* MusicHouseTests */,
				DD4188261CAA96F600348EAA /* MusicHouseUITests */,
				DD4188001CAA96F600348EAA /* Products */,
			);
			sourceTree = "<group>";
		};
		DD4188001CAA96F600348EAA /* Products */ = {
			isa = PBXGroup;
			children = (
				DD4187FF1CAA96F600348EAA /* MusicHouse.app */,
				DD4188181CAA96F600348EAA /* MusicHouseTests.xctest */,
				DD4188231CAA96F600348EAA /* MusicHouseUITests.xctest */,
			);
			name = Products;
			sourceTree = "<group>";
		};
		DD4188011CAA96F600348EAA /* MusicHouse */ = {
			isa = PBXGroup;
			children = (
				DD4188051CAA96F600348EAA /* AppDelegate.h */,
				DD4188061CAA96F600348EAA /* AppDelegate.m */,
				DDC9590D1CAE53F800A0B82D /* WelcomeViewController.h */,
				DDC9590E1CAE53F800A0B82D /* WelcomeViewController.m */,
				DDC959151CAE5A1900A0B82D /* MainView */,
				DD4188101CAA96F600348EAA /* LaunchScreen.storyboard */,
				DD4188131CAA96F600348EAA /* Info.plist */,
				DD4188021CAA96F600348EAA /* Supporting Files */,
			);
			path = MusicHouse;
			sourceTree = "<group>";
		};
		DD4188021CAA96F600348EAA /* Supporting Files */ = {
			isa = PBXGroup;
			children = (
				DD4188031CAA96F600348EAA /* main.m */,
			);
			name = "Supporting Files";
			sourceTree = "<group>";
		};
		DD41881B1CAA96F600348EAA /* MusicHouseTests */ = {
			isa = PBXGroup;
			children = (
				DD41881C1CAA96F600348EAA /* MusicHouseTests.m */,
				DD41881E1CAA96F600348EAA /* Info.plist */,
			);
			path = MusicHouseTests;
			sourceTree = "<group>";
		};
		DD4188261CAA96F600348EAA /* MusicHouseUITests */ = {
			isa = PBXGroup;
			children = (
				DD4188271CAA96F600348EAA /* MusicHouseUITests.m */,
				DD4188291CAA96F600348EAA /* Info.plist */,
			);
			path = MusicHouseUITests;
			sourceTree = "<group>";
		};
		DD50B4381CAED3BB00A469B4 /* HomeTopVC */ = {
			isa = PBXGroup;
			children = (
				DD19F9801CAF66640028C257 /* HomeTopUIView.h */,
				DD19F9811CAF66640028C257 /* HomeTopUIView.m */,
			);
			name = HomeTopVC;
			sourceTree = "<group>";
		};
		DDC959151CAE5A1900A0B82D /* MainView */ = {
			isa = PBXGroup;
			children = (
				DD50B4381CAED3BB00A469B4 /* HomeTopVC */,
				DDC959101CAE551C00A0B82D /* MainViewController.h */,
				DDC959111CAE551C00A0B82D /* MainViewController.m */,
				DDC959121CAE551C00A0B82D /* MainViewController.xib */,
				DDC959181CAE695B00A0B82D /* My */,
				DDC959191CAE697700A0B82D /* MusicLibrary */,
				DDC9591A1CAE698500A0B82D /* Discover */,
				DDC959171CAE690500A0B82D /* MusicPlayerView */,
				DD19F9F51CAFFA440028C257 /* TLNavLeftView.h */,
				DD19F9F61CAFFA440028C257 /* TLNavLeftView.m */,
				DD19F9F81CAFFA920028C257 /* TLNavLeftView.xib */,
			);
			name = MainView;
			sourceTree = "<group>";
		};
		DDC959171CAE690500A0B82D /* MusicPlayerView */ = {
			isa = PBXGroup;
			children = (
				DDC959221CAE6C5D00A0B82D /* Model */,
				DDC959201CAE6B0F00A0B82D /* View */,
				DDC959211CAE6C5200A0B82D /* Controller */,
			);
			name = MusicPlayerView;
			sourceTree = "<group>";
		};
		DDC959181CAE695B00A0B82D /* My */ = {
			isa = PBXGroup;
			children = (
				DD50B4291CAEB45E00A469B4 /* MyViewController.h */,
				DD50B42A1CAEB45E00A469B4 /* MyViewController.m */,
				DD50B42B1CAEB45E00A469B4 /* MyViewController.xib */,
			);
			name = My;
			sourceTree = "<group>";
		};
		DDC959191CAE697700A0B82D /* MusicLibrary */ = {
			isa = PBXGroup;
			children = (
				DDC9591F1CAE69EC00A0B82D /* 1Selected */,
				DDC9591E1CAE69E400A0B82D /* 2MusicList */,
				DDC9591D1CAE69E100A0B82D /* 3RankList */,
				DDC9591C1CAE69DA00A0B82D /* 4Artist */,
				DDC9591B1CAE69D500A0B82D /* 5Radio */,
				DD50B4331CAEB7AE00A469B4 /* MusicLibraryViewController.h */,
				DD50B4341CAEB7AE00A469B4 /* MusicLibraryViewController.m */,
				DD50B4351CAEB7AE00A469B4 /* MusicLibraryViewController.xib */,
			);
			name = MusicLibrary;
			sourceTree = "<group>";
		};
		DDC9591A1CAE698500A0B82D /* Discover */ = {
			isa = PBXGroup;
			children = (
				DD50B42E1CAEB47B00A469B4 /* DiscoverViewController.h */,
				DD50B42F1CAEB47B00A469B4 /* DiscoverViewController.m */,
				DD50B4301CAEB47B00A469B4 /* DiscoverViewController.xib */,
			);
			name = Discover;
			sourceTree = "<group>";
		};
		DDC9591B1CAE69D500A0B82D /* 5Radio */ = {
			isa = PBXGroup;
			children = (
			);
			name = 5Radio;
			sourceTree = "<group>";
		};
		DDC9591C1CAE69DA00A0B82D /* 4Artist */ = {
			isa = PBXGroup;
			children = (
			);
			name = 4Artist;
			sourceTree = "<group>";
		};
		DDC9591D1CAE69E100A0B82D /* 3RankList */ = {
			isa = PBXGroup;
			children = (
			);
			name = 3RankList;
			sourceTree = "<group>";
		};
		DDC9591E1CAE69E400A0B82D /* 2MusicList */ = {
			isa = PBXGroup;
			children = (
			);
			name = 2MusicList;
			sourceTree = "<group>";
		};
		DDC9591F1CAE69EC00A0B82D /* 1Selected */ = {
			isa = PBXGroup;
			children = (
			);
			name = 1Selected;
			sourceTree = "<group>";
		};
		DDC959201CAE6B0F00A0B82D /* View */ = {
			isa = PBXGroup;
			children = (
				DDC959311CAE73C000A0B82D /* MusicPlayerTableViewCell.h */,
				DDC959341CAE73F200A0B82D /* MusicPlayerTableViewCell.xib */,
				DDC959321CAE73C000A0B82D /* MusicPlayerTableViewCell.m */,
			);
			name = View;
			sourceTree = "<group>";
		};
		DDC959211CAE6C5200A0B82D /* Controller */ = {
			isa = PBXGroup;
			children = (
			);
			name = Controller;
			sourceTree = "<group>";
		};
		DDC959221CAE6C5D00A0B82D /* Model */ = {
			isa = PBXGroup;
			children = (
			);
			name = Model;
			sourceTree = "<group>";
		};
/* End PBXGroup section */

/* Begin PBXNativeTarget section */
		DD4187FE1CAA96F600348EAA /* MusicHouse */ = {
			isa = PBXNativeTarget;
			buildConfigurationList = DD41882C1CAA96F600348EAA /* Build configuration list for PBXNativeTarget "MusicHouse" */;
			buildPhases = (
				DD4187FB1CAA96F600348EAA /* Sources */,
				DD4187FC1CAA96F600348EAA /* Frameworks */,
				DD4187FD1CAA96F600348EAA /* Resources */,
			);
			buildRules = (
			);
			dependencies = (
			);
			name = MusicHouse;
			productName = MusicHouse;
			productReference = DD4187FF1CAA96F600348EAA /* MusicHouse.app */;
			productType = "com.apple.product-type.application";
		};
		DD4188171CAA96F600348EAA /* MusicHouseTests */ = {
			isa = PBXNativeTarget;
			buildConfigurationList = DD41882F1CAA96F600348EAA /* Build configuration list for PBXNativeTarget "MusicHouseTests" */;
			buildPhases = (
				DD4188141CAA96F600348EAA /* Sources */,
				DD4188151CAA96F600348EAA /* Frameworks */,
				DD4188161CAA96F600348EAA /* Resources */,
			);
			buildRules = (
			);
			dependencies = (
				DD41881A1CAA96F600348EAA /* PBXTargetDependency */,
			);
			name = MusicHouseTests;
			productName = MusicHouseTests;
			productReference = DD4188181CAA96F600348EAA /* MusicHouseTests.xctest */;
			productType = "com.apple.product-type.bundle.unit-test";
		};
		DD4188221CAA96F600348EAA /* MusicHouseUITests */ = {
			isa = PBXNativeTarget;
			buildConfigurationList = DD4188321CAA96F600348EAA /* Build configuration list for PBXNativeTarget "MusicHouseUITests" */;
			buildPhases = (
				DD41881F1CAA96F600348EAA /* Sources */,
				DD4188201CAA96F600348EAA /* Frameworks */,
				DD4188211CAA96F600348EAA /* Resources */,
			);
			buildRules = (
			);
			dependencies = (
				DD4188251CAA96F600348EAA /* PBXTargetDependency */,
			);
			name = MusicHouseUITests;
			productName = MusicHouseUITests;
			productReference = DD4188231CAA96F600348EAA /* MusicHouseUITests.xctest */;
			productType = "com.apple.product-type.bundle.ui-testing";
		};
/* End PBXNativeTarget section */

/* Begin PBXProject section */
		DD4187F71CAA96F600348EAA /* Project object */ = {
			isa = PBXProject;
			attributes = {
				LastUpgradeCheck = 0710;
				ORGANIZATIONNAME = "Tim Lee";
				TargetAttributes = {
					DD4187FE1CAA96F600348EAA = {
						CreatedOnToolsVersion = 7.1;
						DevelopmentTeam = LE99VYEK4S;
					};
					DD4188171CAA96F600348EAA = {
						CreatedOnToolsVersion = 7.1;
						DevelopmentTeam = LE99VYEK4S;
						TestTargetID = DD4187FE1CAA96F600348EAA;
					};
					DD4188221CAA96F600348EAA = {
						CreatedOnToolsVersion = 7.1;
						DevelopmentTeam = LE99VYEK4S;
						TestTargetID = DD4187FE1CAA96F600348EAA;
					};
				};
			};
			buildConfigurationList = DD4187FA1CAA96F600348EAA /* Build configuration list for PBXProject "MusicHouse" */;
			compatibilityVersion = "Xcode 3.2";
			developmentRegion = English;
			hasScannedForEncodings = 0;
			knownRegions = (
				en,
				Base,
			);
			mainGroup = DD4187F61CAA96F600348EAA;
			productRefGroup = DD4188001CAA96F600348EAA /* Products */;
			projectDirPath = "";
			projectRoot = "";
			targets = (
				DD4187FE1CAA96F600348EAA /* MusicHouse */,
				DD4188171CAA96F600348EAA /* MusicHouseTests */,
				DD4188221CAA96F600348EAA /* MusicHouseUITests */,
			);
		};
/* End PBXProject section */

/* Begin PBXResourcesBuildPhase section */
		DD4187FD1CAA96F600348EAA /* Resources */ = {
			isa = PBXResourcesBuildPhase;
			buildActionMask = 2147483647;
			files = (
				DD50B4371CAEB7AE00A469B4 /* MusicLibraryViewController.xib in Resources */,
				DD4188121CAA96F600348EAA /* LaunchScreen.storyboard in Resources */,
				DD50B4321CAEB47B00A469B4 /* DiscoverViewController.xib in Resources */,
				DDC959351CAE73F200A0B82D /* MusicPlayerTableViewCell.xib in Resources */,
				DDC959141CAE551C00A0B82D /* MainViewController.xib in Resources */,
				DD19F9F91CAFFA920028C257 /* TLNavLeftView.xib in Resources */,
				DD19F97C1CAF4DB40028C257 /* Assets.xcassets in Resources */,
				DD50B42D1CAEB45E00A469B4 /* MyViewController.xib in Resources */,
			);
			runOnlyForDeploymentPostprocessing = 0;
		};
		DD4188161CAA96F600348EAA /* Resources */ = {
			isa = PBXResourcesBuildPhase;
			buildActionMask = 2147483647;
			files = (
			);
			runOnlyForDeploymentPostprocessing = 0;
		};
		DD4188211CAA96F600348EAA /* Resources */ = {
			isa = PBXResourcesBuildPhase;
			buildActionMask = 2147483647;
			files = (
			);
			runOnlyForDeploymentPostprocessing = 0;
		};
/* End PBXResourcesBuildPhase section */

/* Begin PBXSourcesBuildPhase section */
		DD4187FB1CAA96F600348EAA /* Sources */ = {
			isa = PBXSourcesBuildPhase;
			buildActionMask = 2147483647;
			files = (
				DD19F9821CAF66640028C257 /* HomeTopUIView.m in Sources */,
				DD50B42C1CAEB45E00A469B4 /* MyViewController.m in Sources */,
				DD4188071CAA96F600348EAA /* AppDelegate.m in Sources */,
				DD50B4311CAEB47B00A469B4 /* DiscoverViewController.m in Sources */,
				DDC959331CAE73C000A0B82D /* MusicPlayerTableViewCell.m in Sources */,
				DD50B4361CAEB7AE00A469B4 /* MusicLibraryViewController.m in Sources */,
				DD4188041CAA96F600348EAA /* main.m in Sources */,
				DD19F9F71CAFFA440028C257 /* TLNavLeftView.m in Sources */,
				DDC9590F1CAE53F800A0B82D /* WelcomeViewController.m in Sources */,
				DDC959131CAE551C00A0B82D /* MainViewController.m in Sources */,
			);
			runOnlyForDeploymentPostprocessing = 0;
		};
		DD4188141CAA96F600348EAA /* Sources */ = {
			isa = PBXSourcesBuildPhase;
			buildActionMask = 2147483647;
			files = (
				DD41881D1CAA96F600348EAA /* MusicHouseTests.m in Sources */,
			);
			runOnlyForDeploymentPostprocessing = 0;
		};
		DD41881F1CAA96F600348EAA /* Sources */ = {
			isa = PBXSourcesBuildPhase;
			buildActionMask = 2147483647;
			files = (
				DD4188281CAA96F600348EAA /* MusicHouseUITests.m in Sources */,
			);
			runOnlyForDeploymentPostprocessing = 0;
		};
/* End PBXSourcesBuildPhase section */

/* Begin PBXTargetDependency section */
		DD41881A1CAA96F600348EAA /* PBXTargetDependency */ = {
			isa = PBXTargetDependency;
			target = DD4187FE1CAA96F600348EAA /* MusicHouse */;
			targetProxy = DD4188191CAA96F600348EAA /* PBXContainerItemProxy */;
		};
		DD4188251CAA96F600348EAA /* PBXTargetDependency */ = {
			isa = PBXTargetDependency;
			target = DD4187FE1CAA96F600348EAA /* MusicHouse */;
			targetProxy = DD4188241CAA96F600348EAA /* PBXContainerItemProxy */;
		};
/* End PBXTargetDependency section */

/* Begin PBXVariantGroup section */
		DD4188101CAA96F600348EAA /* LaunchScreen.storyboard */ = {
			isa = PBXVariantGroup;
			children = (
				DD4188111CAA96F600348EAA /* Base */,
			);
			name = LaunchScreen.storyboard;
			sourceTree = "<group>";
		};
/* End PBXVariantGroup section */

/* Begin XCBuildConfiguration section */
		DD41882A1CAA96F600348EAA /* Debug */ = {
			isa = XCBuildConfiguration;
			buildSettings = {
				ALWAYS_SEARCH_USER_PATHS = NO;
				CLANG_CXX_LANGUAGE_STANDARD = "gnu++0x";
				CLANG_CXX_LIBRARY = "libc++";
				CLANG_ENABLE_MODULES = YES;
				CLANG_ENABLE_OBJC_ARC = YES;
				CLANG_WARN_BOOL_CONVERSION = YES;
				CLANG_WARN_CONSTANT_CONVERSION = YES;
				CLANG_WARN_DIRECT_OBJC_ISA_USAGE = YES_ERROR;
				CLANG_WARN_EMPTY_BODY = YES;
				CLANG_WARN_ENUM_CONVERSION = YES;
				CLANG_WARN_INT_CONVERSION = YES;
				CLANG_WARN_OBJC_ROOT_CLASS = YES_ERROR;
				CLANG_WARN_UNREACHABLE_CODE = YES;
				CLANG_WARN__DUPLICATE_METHOD_MATCH = YES;
				"CODE_SIGN_IDENTITY[sdk=iphoneos*]" = "iPhone Developer";
				COPY_PHASE_STRIP = NO;
				DEBUG_INFORMATION_FORMAT = dwarf;
				ENABLE_STRICT_OBJC_MSGSEND = YES;
				ENABLE_TESTABILITY = YES;
				GCC_C_LANGUAGE_STANDARD = gnu99;
				GCC_DYNAMIC_NO_PIC = NO;
				GCC_NO_COMMON_BLOCKS = YES;
				GCC_OPTIMIZATION_LEVEL = 0;
				GCC_PREPROCESSOR_DEFINITIONS = (
					"DEBUG=1",
					"$(inherited)",
				);
				GCC_WARN_64_TO_32_BIT_CONVERSION = YES;
				GCC_WARN_ABOUT_RETURN_TYPE = YES_ERROR;
				GCC_WARN_UNDECLARED_SELECTOR = YES;
				GCC_WARN_UNINITIALIZED_AUTOS = YES_AGGRESSIVE;
				GCC_WARN_UNUSED_FUNCTION = YES;
				GCC_WARN_UNUSED_VARIABLE = YES;
				IPHONEOS_DEPLOYMENT_TARGET = 9.1;
				MTL_ENABLE_DEBUG_INFO = YES;
				ONLY_ACTIVE_ARCH = YES;
				SDKROOT = iphoneos;
				TARGETED_DEVICE_FAMILY = "1,2";
			};
			name = Debug;
		};
		DD41882B1CAA96F600348EAA /* Release */ = {
			isa = XCBuildConfiguration;
			buildSettings = {
				ALWAYS_SEARCH_USER_PATHS = NO;
				CLANG_CXX_LANGUAGE_STANDARD = "gnu++0x";
				CLANG_CXX_LIBRARY = "libc++";
				CLANG_ENABLE_MODULES = YES;
				CLANG_ENABLE_OBJC_ARC = YES;
				CLANG_WARN_BOOL_CONVERSION = YES;
				CLANG_WARN_CONSTANT_CONVERSION = YES;
				CLANG_WARN_DIRECT_OBJC_ISA_USAGE = YES_ERROR;
				CLANG_WARN_EMPTY_BODY = YES;
				CLANG_WARN_ENUM_CONVERSION = YES;
				CLANG_WARN_INT_CONVERSION = YES;
				CLANG_WARN_OBJC_ROOT_CLASS = YES_ERROR;
				CLANG_WARN_UNREACHABLE_CODE = YES;
				CLANG_WARN__DUPLICATE_METHOD_MATCH = YES;
				"CODE_SIGN_IDENTITY[sdk=iphoneos*]" = "iPhone Developer";
				COPY_PHASE_STRIP = NO;
				DEBUG_INFORMATION_FORMAT = "dwarf-with-dsym";
				ENABLE_NS_ASSERTIONS = NO;
				ENABLE_STRICT_OBJC_MSGSEND = YES;
				GCC_C_LANGUAGE_STANDARD = gnu99;
				GCC_NO_COMMON_BLOCKS = YES;
				GCC_WARN_64_TO_32_BIT_CONVERSION = YES;
				GCC_WARN_ABOUT_RETURN_TYPE = YES_ERROR;
				GCC_WARN_UNDECLARED_SELECTOR = YES;
				GCC_WARN_UNINITIALIZED_AUTOS = YES_AGGRESSIVE;
				GCC_WARN_UNUSED_FUNCTION = YES;
				GCC_WARN_UNUSED_VARIABLE = YES;
				IPHONEOS_DEPLOYMENT_TARGET = 9.1;
				MTL_ENABLE_DEBUG_INFO = NO;
				SDKROOT = iphoneos;
				TARGETED_DEVICE_FAMILY = "1,2";
				VALIDATE_PRODUCT = YES;
			};
			name = Release;
		};
		DD41882D1CAA96F600348EAA /* Debug */ = {
			isa = XCBuildConfiguration;
			buildSettings = {
				ASSETCATALOG_COMPILER_APPICON_NAME = AppIcon;
				ASSETCATALOG_COMPILER_LAUNCHIMAGE_NAME = LaunchImage;
				INFOPLIST_FILE = MusicHouse/Info.plist;
				LD_RUNPATH_SEARCH_PATHS = "$(inherited) @executable_path/Frameworks";
				PRODUCT_BUNDLE_IDENTIFIER = TL.MusicHouse;
				PRODUCT_NAME = "$(TARGET_NAME)";
			};
			name = Debug;
		};
		DD41882E1CAA96F600348EAA /* Release */ = {
			isa = XCBuildConfiguration;
			buildSettings = {
				ASSETCATALOG_COMPILER_APPICON_NAME = AppIcon;
				ASSETCATALOG_COMPILER_LAUNCHIMAGE_NAME = LaunchImage;
				INFOPLIST_FILE = MusicHouse/Info.plist;
				LD_RUNPATH_SEARCH_PATHS = "$(inherited) @executable_path/Frameworks";
				PRODUCT_BUNDLE_IDENTIFIER = TL.MusicHouse;
				PRODUCT_NAME = "$(TARGET_NAME)";
			};
			name = Release;
		};
		DD4188301CAA96F600348EAA /* Debug */ = {
			isa = XCBuildConfiguration;
			buildSettings = {
				BUNDLE_LOADER = "$(TEST_HOST)";
				INFOPLIST_FILE = MusicHouseTests/Info.plist;
				LD_RUNPATH_SEARCH_PATHS = "$(inherited) @executable_path/Frameworks @loader_path/Frameworks";
				PRODUCT_BUNDLE_IDENTIFIER = TL.MusicHouseTests;
				PRODUCT_NAME = "$(TARGET_NAME)";
				TEST_HOST = "$(BUILT_PRODUCTS_DIR)/MusicHouse.app/MusicHouse";
			};
			name = Debug;
		};
		DD4188311CAA96F600348EAA /* Release */ = {
			isa = XCBuildConfiguration;
			buildSettings = {
				BUNDLE_LOADER = "$(TEST_HOST)";
				INFOPLIST_FILE = MusicHouseTests/Info.plist;
				LD_RUNPATH_SEARCH_PATHS = "$(inherited) @executable_path/Frameworks @loader_path/Frameworks";
				PRODUCT_BUNDLE_IDENTIFIER = TL.MusicHouseTests;
				PRODUCT_NAME = "$(TARGET_NAME)";
				TEST_HOST = "$(BUILT_PRODUCTS_DIR)/MusicHouse.app/MusicHouse";
			};
			name = Release;
		};
		DD4188331CAA96F600348EAA /* Debug */ = {
			isa = XCBuildConfiguration;
			buildSettings = {
				INFOPLIST_FILE = MusicHouseUITests/Info.plist;
				LD_RUNPATH_SEARCH_PATHS = "$(inherited) @executable_path/Frameworks @loader_path/Frameworks";
				PRODUCT_BUNDLE_IDENTIFIER = TL.MusicHouseUITests;
				PRODUCT_NAME = "$(TARGET_NAME)";
				TEST_TARGET_NAME = MusicHouse;
				USES_XCTRUNNER = YES;
			};
			name = Debug;
		};
		DD4188341CAA96F600348EAA /* Release */ = {
			isa = XCBuildConfiguration;
			buildSettings = {
				INFOPLIST_FILE = MusicHouseUITests/Info.plist;
				LD_RUNPATH_SEARCH_PATHS = "$(inherited) @executable_path/Frameworks @loader_path/Frameworks";
				PRODUCT_BUNDLE_IDENTIFIER = TL.MusicHouseUITests;
				PRODUCT_NAME = "$(TARGET_NAME)";
				TEST_TARGET_NAME = MusicHouse;
				USES_XCTRUNNER = YES;
			};
			name = Release;
		};
/* End XCBuildConfiguration section */

/* Begin XCConfigurationList section */
		DD4187FA1CAA96F600348EAA /* Build configuration list for PBXProject "MusicHouse" */ = {
			isa = XCConfigurationList;
			buildConfigurations = (
				DD41882A1CAA96F600348EAA /* Debug */,
				DD41882B1CAA96F600348EAA /* Release */,
			);
			defaultConfigurationIsVisible = 0;
			defaultConfigurationName = Release;
		};
		DD41882C1CAA96F600348EAA /* Build configuration list for PBXNativeTarget "MusicHouse" */ = {
			isa = XCConfigurationList;
			buildConfigurations = (
				DD41882D1CAA96F600348EAA /* Debug */,
				DD41882E1CAA96F600348EAA /* Release */,
			);
			defaultConfigurationIsVisible = 0;
			defaultConfigurationName = Release;
		};
		DD41882F1CAA96F600348EAA /* Build configuration list for PBXNativeTarget "MusicHouseTests" */ = {
			isa = XCConfigurationList;
			buildConfigurations = (
				DD4188301CAA96F600348EAA /* Debug */,
				DD4188311CAA96F600348EAA /* Release */,
			);
			defaultConfigurationIsVisible = 0;
			defaultConfigurationName = Release;
		};
		DD4188321CAA96F600348EAA /* Build configuration list for PBXNativeTarget "MusicHouseUITests" */ = {
			isa = XCConfigurationList;
			buildConfigurations = (
				DD4188331CAA96F600348EAA /* Debug */,
				DD4188341CAA96F600348EAA /* Release */,
			);
			defaultConfigurationIsVisible = 0;
			defaultConfigurationName = Release;
		};
/* End XCConfigurationList section */
	};
	rootObject = DD4187F71CAA96F600348EAA /* Project object */;
}
